
Microsoft Visual Studio Solution File, Format Version 12.00
# Visual Studio 15
VisualStudioVersion = 15.0.26730.16
MinimumVisualStudioVersion = 10.0.40219.1
Project("{FAE04EC0-301F-11D3-BF4B-00C04F79EFBC}") = "VerificationCode", "VerificationCode\VerificationCode.csproj", "{0BEB70DF-2098-4F01-9985-AE78A5589144}"
EndProject
Global
	GlobalSection(SolutionConfigurationPlatforms) = preSolution
		Debug|Any CPU = Debug|Any CPU
		Release|Any CPU = Release|Any CPU
	EndGlobalSection
	GlobalSection(ProjectConfigurationPlatforms) = postSolution
		{0BEB70DF-2098-4F01-9985-AE78A5589144}.Debug|Any CPU.ActiveCfg = Debug|Any CPU
		{0BEB70DF-2098-4F01-9985-AE78A5589144}.Debug|Any CPU.Build.0 = Debug|Any CPU
		{0BEB70DF-2098-4F01-9985-AE78A5589144}.Release|Any CPU.ActiveCfg = Release|Any CPU
		{0BEB70DF-2098-4F01-9985-AE78A5589144}.Release|Any CPU.Build.0 = Release|Any CPU
	EndGlobalSection
	GlobalSection(SolutionProperties) = preSolution
		HideSolutionNode = FALSE
	EndGlobalSection
	GlobalSection(ExtensibilityGlobals) = postSolution
		SolutionGuid = {E4039639-7101-4044-8BDE-26B892D793D7}
	EndGlobalSection
EndGlobal
